// !$*UTF8*$!
{
	archiveVersion = 1;
	classes = {
	};
	objectVersion = 50;
	objects = {

/* Begin PBXBuildFile section */
		733441152341A9F600D034F9 /* AppDelegate.m in Sources */ = {isa = PBXBuildFile; fileRef = 733441142341A9F600D034F9 /* AppDelegate.m */; };
		733441182341A9F600D034F9 /* SceneDelegate.m in Sources */ = {isa = PBXBuildFile; fileRef = 733441172341A9F600D034F9 /* SceneDelegate.m */; };
		7334411B2341A9F600D034F9 /* FirstViewController.m in Sources */ = {isa = PBXBuildFile; fileRef = 7334411A2341A9F600D034F9 /* FirstViewController.m */; };
		7334411E2341A9F600D034F9 /* SecondViewController.m in Sources */ = {isa = PBXBuildFile; fileRef = 7334411D2341A9F600D034F9 /* SecondViewController.m */; };
		733441212341A9F600D034F9 /* Main.storyboard in Resources */ = {isa = PBXBuildFile; fileRef = 7334411F2341A9F600D034F9 /* Main.storyboard */; };
		733441232341A9F700D034F9 /* Assets.xcassets in Resources */ = {isa = PBXBuildFile; fileRef = 733441222341A9F700D034F9 /* Assets.xcassets */; };
		733441262341A9F700D034F9 /* LaunchScreen.storyboard in Resources */ = {isa = PBXBuildFile; fileRef = 733441242341A9F700D034F9 /* LaunchScreen.storyboard */; };
		733441292341A9F700D034F9 /* main.m in Sources */ = {isa = PBXBuildFile; fileRef = 733441282341A9F700D034F9 /* main.m */; };
		7353D3CD2341D0FA003C8BE1 /* TabBarViewController.m in Sources */ = {isa = PBXBuildFile; fileRef = 7353D3CC2341D0FA003C8BE1 /* TabBarViewController.m */; };
		7353D3D02341D12F003C8BE1 /* NavigationController.m in Sources */ = {isa = PBXBuildFile; fileRef = 7353D3CF2341D12F003C8BE1 /* NavigationController.m */; };
/* End PBXBuildFile section */

/* Begin PBXFileReference section */
		733441102341A9F600D034F9 /* tabbase.app */ = {isa = PBXFileReference; explicitFileType = wrapper.application; includeInIndex = 0; path = tabbase.app; sourceTree = BUILT_PRODUCTS_DIR; };
		733441132341A9F600D034F9 /* AppDelegate.h */ = {isa = PBXFileReference; lastKnownFileType = sourcecode.c.h; path = AppDelegate.h; sourceTree = "<group>"; };
		733441142341A9F600D034F9 /* AppDelegate.m */ = {isa = PBXFileReference; lastKnownFileType = sourcecode.c.objc; path = AppDelegate.m; sourceTree = "<group>"; };
		733441162341A9F600D034F9 /* SceneDelegate.h */ = {isa = PBXFileReference; lastKnownFileType = sourcecode.c.h; path = SceneDelegate.h; sourceTree = "<group>"; };
		733441172341A9F600D034F9 /* SceneDelegate.m */ = {isa = PBXFileReference; lastKnownFileType = sourcecode.c.objc; path = SceneDelegate.m; sourceTree = "<group>"; };
		733441192341A9F600D034F9 /* FirstViewController.h */ = {isa = PBXFileReference; lastKnownFileType = sourcecode.c.h; path = FirstViewController.h; sourceTree = "<group>"; };
		7334411A2341A9F600D034F9 /* FirstViewController.m */ = {isa = PBXFileReference; lastKnownFileType = sourcecode.c.objc; path = FirstViewController.m; sourceTree = "<group>"; };
		7334411C2341A9F600D034F9 /* SecondViewController.h */ = {isa = PBXFileReference; lastKnownFileType = sourcecode.c.h; path = SecondViewController.h; sourceTree = "<group>"; };
		7334411D2341A9F600D034F9 /* SecondViewController.m */ = {isa = PBXFileReference; lastKnownFileType = sourcecode.c.objc; path = SecondViewController.m; sourceTree = "<group>"; };
		733441202341A9F600D034F9 /* Base */ = {isa = PBXFileReference; lastKnownFileType = file.storyboard; name = Base; path = Base.lproj/Main.storyboard; sourceTree = "<group>"; };
		733441222341A9F700D034F9 /* Assets.xcassets */ = {isa = PBXFileReference; lastKnownFileType = folder.assetcatalog; path = Assets.xcassets; sourceTree = "<group>"; };
		733441252341A9F700D034F9 /* Base */ = {isa = PBXFileReference; lastKnownFileType = file.storyboard; name = Base; path = Base.lproj/LaunchScreen.storyboard; sourceTree = "<group>"; };
		733441272341A9F700D034F9 /* Info.plist */ = {isa = PBXFileReference; lastKnownFileType = text.plist.xml; path = Info.plist; sourceTree = "<group>"; };
		733441282341A9F700D034F9 /* main.m */ = {isa = PBXFileReference; lastKnownFileType = sourcecode.c.objc; path = main.m; sourceTree = "<group>"; };
		7353D3CB2341D0FA003C8BE1 /* TabBarViewController.h */ = {isa = PBXFileReference; lastKnownFileType = sourcecode.c.h; path = TabBarViewController.h; sourceTree = "<group>"; };
		7353D3CC2341D0FA003C8BE1 /* TabBarViewController.m */ = {isa = PBXFileReference; lastKnownFileType = sourcecode.c.objc; path = TabBarViewController.m; sourceTree = "<group>"; };
		7353D3CE2341D12F003C8BE1 /* NavigationController.h */ = {isa = PBXFileReference; lastKnownFileType = sourcecode.c.h; path = NavigationController.h; sourceTree = "<group>"; };
		7353D3CF2341D12F003C8BE1 /* NavigationController.m */ = {isa = PBXFileReference; lastKnownFileType = sourcecode.c.objc; path = NavigationController.m; sourceTree = "<group>"; };
/* End PBXFileReference section */

/* Begin PBXFrameworksBuildPhase section */
		7334410D2341A9F600D034F9 /* Frameworks */ = {
			isa = PBXFrameworksBuildPhase;
			buildActionMask = 2147483647;
			files = (
			);
			runOnlyForDeploymentPostprocessing = 0;
		};
/* End PBXFrameworksBuildPhase section */

/* Begin PBXGroup section */
		733441072341A9F600D034F9 = {
			isa = PBXGroup;
			children = (
				733441122341A9F600D034F9 /* tabbase */,
				733441112341A9F600D034F9 /* Products */,
			);
			sourceTree = "<group>";
		};
		733441112341A9F600D034F9 /* Products */ = {
			isa = PBXGroup;
			children = (
				733441102341A9F600D034F9 /* tabbase.app */,
			);
			name = Products;
			sourceTree = "<group>";
		};
		733441122341A9F600D034F9 /* tabbase */ = {
			isa = PBXGroup;
			children = (
				7353D3CE2341D12F003C8BE1 /* NavigationController.h */,
				7353D3CF2341D12F003C8BE1 /* NavigationController.m */,
				7353D3CB2341D0FA003C8BE1 /* TabBarViewController.h */,
				7353D3CC2341D0FA003C8BE1 /* TabBarViewController.m */,
				733441132341A9F600D034F9 /* AppDelegate.h */,
				733441142341A9F600D034F9 /* AppDelegate.m */,
				733441162341A9F600D034F9 /* SceneDelegate.h */,
				733441172341A9F600D034F9 /* SceneDelegate.m */,
				733441192341A9F600D034F9 /* FirstViewController.h */,
				7334411A2341A9F600D034F9 /* FirstViewController.m */,
				7334411C2341A9F600D034F9 /* SecondViewController.h */,
				7334411D2341A9F600D034F9 /* SecondViewController.m */,
				7334411F2341A9F600D034F9 /* Main.storyboard */,
				733441222341A9F700D034F9 /* Assets.xcassets */,
				733441242341A9F700D034F9 /* LaunchScreen.storyboard */,
				733441272341A9F700D034F9 /* Info.plist */,
				733441282341A9F700D034F9 /* main.m */,
			);
			path = tabbase;
			sourceTree = "<group>";
		};
/* End PBXGroup section */

/* Begin PBXNativeTarget section */
		7334410F2341A9F600D034F9 /* tabbase */ = {
			isa = PBXNativeTarget;
			buildConfigurationList = 7334412C2341A9F700D034F9 /* Build configuration list for PBXNativeTarget "tabbase" */;
			buildPhases = (
				7334410C2341A9F600D034F9 /* Sources */,
				7334410D2341A9F600D034F9 /* Frameworks */,
				7334410E2341A9F600D034F9 /* Resources */,
			);
			buildRules = (
			);
			dependencies = (
			);
			name = tabbase;
			productName = tabbase;
			productReference = 733441102341A9F600D034F9 /* tabbase.app */;
			productType = "com.apple.product-type.application";
		};
/* End PBXNativeTarget section */

/* Begin PBXProject section */
		733441082341A9F600D034F9 /* Project object */ = {
			isa = PBXProject;
			attributes = {
				LastUpgradeCheck = 1110;
				ORGANIZATIONNAME = lvv;
				TargetAttributes = {
					7334410F2341A9F600D034F9 = {
						CreatedOnToolsVersion = 11.1;
					};
				};
			};
			buildConfigurationList = 7334410B2341A9F600D034F9 /* Build configuration list for PBXProject "tabbase" */;
			compatibilityVersion = "Xcode 9.3";
			developmentRegion = en;
			hasScannedForEncodings = 0;
			knownRegions = (
				en,
				Base,
			);
			mainGroup = 733441072341A9F600D034F9;
			productRefGroup = 733441112341A9F600D034F9 /* Products */;
			projectDirPath = "";
			projectRoot = "";
			targets = (
				7334410F2341A9F600D034F9 /* tabbase */,
			);
		};
/* End PBXProject section */

/* Begin PBXResourcesBuildPhase section */
		7334410E2341A9F600D034F9 /* Resources */ = {
			isa = PBXResourcesBuildPhase;
			buildActionMask = 2147483647;
			files = (
				733441262341A9F700D034F9 /* LaunchScreen.storyboard in Resources */,
				733441232341A9F700D034F9 /* Assets.xcassets in Resources */,
				733441212341A9F600D034F9 /* Main.storyboard in Resources */,
			);
			runOnlyForDeploymentPostprocessing = 0;
		};
/* End PBXResourcesBuildPhase section */

/* Begin PBXSourcesBuildPhase section */
		7334410C2341A9F600D034F9 /* Sources */ = {
			isa = PBXSourcesBuildPhase;
			buildActionMask = 2147483647;
			files = (
				733441292341A9F700D034F9 /* main.m in Sources */,
				7334411E2341A9F600D034F9 /* SecondViewController.m in Sources */,
				733441152341A9F600D034F9 /* AppDelegate.m in Sources */,
				7334411B2341A9F600D034F9 /* FirstViewController.m in Sources */,
				7353D3CD2341D0FA003C8BE1 /* TabBarViewController.m in Sources */,
				733441182341A9F600D034F9 /* SceneDelegate.m in Sources */,
				7353D3D02341D12F003C8BE1 /* NavigationController.m in Sources */,
			);
			runOnlyForDeploymentPostprocessing = 0;
		};
/* End PBXSourcesBuildPhase section */

/* Begin PBXVariantGroup section */
		7334411F2341A9F600D034F9 /* Main.storyboard */ = {
			isa = PBXVariantGroup;
			children = (
				733441202341A9F600D034F9 /* Base */,
			);
			name = Main.storyboard;
			sourceTree = "<group>";
		};
		733441242341A9F700D034F9 /* LaunchScreen.storyboard */ = {
			isa = PBXVariantGroup;
			children = (
				733441252341A9F700D034F9 /* Base */,
			);
			name = LaunchScreen.storyboard;
			sourceTree = "<group>";
		};
/* End PBXVariantGroup section */

/* Begin XCBuildConfiguration section */
		7334412A2341A9F700D034F9 /* Debug */ = {
			isa = XCBuildConfiguration;
			buildSettings = {
				ALWAYS_SEARCH_USER_PATHS = NO;
				CLANG_ANALYZER_NONNULL = YES;
				CLANG_ANALYZER_NUMBER_OBJECT_CONVERSION = YES_AGGRESSIVE;
				CLANG_CXX_LANGUAGE_STANDARD = "gnu++14";
				CLANG_CXX_LIBRARY = "libc++";
				CLANG_ENABLE_MODULES = YES;
				CLANG_ENABLE_OBJC_ARC = YES;
				CLANG_ENABLE_OBJC_WEAK = YES;
				CLANG_WARN_BLOCK_CAPTURE_AUTORELEASING = YES;
				CLANG_WARN_BOOL_CONVERSION = YES;
				CLANG_WARN_COMMA = YES;
				CLANG_WARN_CONSTANT_CONVERSION = YES;
				CLANG_WARN_DEPRECATED_OBJC_IMPLEMENTATIONS = YES;
				CLANG_WARN_DIRECT_OBJC_ISA_USAGE = YES_ERROR;
				CLANG_WARN_DOCUMENTATION_COMMENTS = YES;
				CLANG_WARN_EMPTY_BODY = YES;
				CLANG_WARN_ENUM_CONVERSION = YES;
				CLANG_WARN_INFINITE_RECURSION = YES;
				CLANG_WARN_INT_CONVERSION = YES;
				CLANG_WARN_NON_LITERAL_NULL_CONVERSION = YES;
				CLANG_WARN_OBJC_IMPLICIT_RETAIN_SELF = YES;
				CLANG_WARN_OBJC_LITERAL_CONVERSION = YES;
				CLANG_WARN_OBJC_ROOT_CLASS = YES_ERROR;
				CLANG_WARN_RANGE_LOOP_ANALYSIS = YES;
				CLANG_WARN_STRICT_PROTOTYPES = YES;
				CLANG_WARN_SUSPICIOUS_MOVE = YES;
				CLANG_WARN_UNGUARDED_AVAILABILITY = YES_AGGRESSIVE;
				CLANG_WARN_UNREACHABLE_CODE = YES;
				CLANG_WARN__DUPLICATE_METHOD_MATCH = YES;
				COPY_PHASE_STRIP = NO;
				DEBUG_INFORMATION_FORMAT = dwarf;
				ENABLE_STRICT_OBJC_MSGSEND = YES;
				ENABLE_TESTABILITY = YES;
				GCC_C_LANGUAGE_STANDARD = gnu11;
				GCC_DYNAMIC_NO_PIC = NO;
				GCC_NO_COMMON_BLOCKS = YES;
				GCC_OPTIMIZATION_LEVEL = 0;
				GCC_PREPROCESSOR_DEFINITIONS = (
					"DEBUG=1",
					"$(inherited)",
				);
				GCC_WARN_64_TO_32_BIT_CONVERSION = YES;
				GCC_WARN_ABOUT_RETURN_TYPE = YES_ERROR;
				GCC_WARN_UNDECLARED_SELECTOR = YES;
				GCC_WARN_UNINITIALIZED_AUTOS = YES_AGGRESSIVE;
				GCC_WARN_UNUSED_FUNCTION = YES;
				GCC_WARN_UNUSED_VARIABLE = YES;
				IPHONEOS_DEPLOYMENT_TARGET = 9.0;
				MTL_ENABLE_DEBUG_INFO = INCLUDE_SOURCE;
				MTL_FAST_MATH = YES;
				ONLY_ACTIVE_ARCH = YES;
				SDKROOT = iphoneos;
			};
			name = Debug;
		};
		7334412B2341A9F700D034F9 /* Release */ = {
			isa = XCBuildConfiguration;
			buildSettings = {
				ALWAYS_SEARCH_USER_PATHS = NO;
				CLANG_ANALYZER_NONNULL = YES;
				CLANG_ANALYZER_NUMBER_OBJECT_CONVERSION = YES_AGGRESSIVE;
				CLANG_CXX_LANGUAGE_STANDARD = "gnu++14";
				CLANG_CXX_LIBRARY = "libc++";
				CLANG_ENABLE_MODULES = YES;
				CLANG_ENABLE_OBJC_ARC = YES;
				CLANG_ENABLE_OBJC_WEAK = YES;
				CLANG_WARN_BLOCK_CAPTURE_AUTORELEASING = YES;
				CLANG_WARN_BOOL_CONVERSION = YES;
				CLANG_WARN_COMMA = YES;
				CLANG_WARN_CONSTANT_CONVERSION = YES;
				CLANG_WARN_DEPRECATED_OBJC_IMPLEMENTATIONS = YES;
				CLANG_WARN_DIRECT_OBJC_ISA_USAGE = YES_ERROR;
				CLANG_WARN_DOCUMENTATION_COMMENTS = YES;
				CLANG_WARN_EMPTY_BODY = YES;
				CLANG_WARN_ENUM_CONVERSION = YES;
				CLANG_WARN_INFINITE_RECURSION = YES;
				CLANG_WARN_INT_CONVERSION = YES;
				CLANG_WARN_NON_LITERAL_NULL_CONVERSION = YES;
				CLANG_WARN_OBJC_IMPLICIT_RETAIN_SELF = YES;
				CLANG_WARN_OBJC_LITERAL_CONVERSION = YES;
				CLANG_WARN_OBJC_ROOT_CLASS = YES_ERROR;
				CLANG_WARN_RANGE_LOOP_ANALYSIS = YES;
				CLANG_WARN_STRICT_PROTOTYPES = YES;
				CLANG_WARN_SUSPICIOUS_MOVE = YES;
				CLANG_WARN_UNGUARDED_AVAILABILITY = YES_AGGRESSIVE;
				CLANG_WARN_UNREACHABLE_CODE = YES;
				CLANG_WARN__DUPLICATE_METHOD_MATCH = YES;
				COPY_PHASE_STRIP = NO;
				DEBUG_INFORMATION_FORMAT = "dwarf-with-dsym";
				ENABLE_NS_ASSERTIONS = NO;
				ENABLE_STRICT_OBJC_MSGSEND = YES;
				GCC_C_LANGUAGE_STANDARD = gnu11;
				GCC_NO_COMMON_BLOCKS = YES;
				GCC_WARN_64_TO_32_BIT_CONVERSION = YES;
				GCC_WARN_ABOUT_RETURN_TYPE = YES_ERROR;
				GCC_WARN_UNDECLARED_SELECTOR = YES;
				GCC_WARN_UNINITIALIZED_AUTOS = YES_AGGRESSIVE;
				GCC_WARN_UNUSED_FUNCTION = YES;
				GCC_WARN_UNUSED_VARIABLE = YES;
				IPHONEOS_DEPLOYMENT_TARGET = 9.0;
				MTL_ENABLE_DEBUG_INFO = NO;
				MTL_FAST_MATH = YES;
				SDKROOT = iphoneos;
				VALIDATE_PRODUCT = YES;
			};
			name = Release;
		};
		7334412D2341A9F700D034F9 /* Debug */ = {
			isa = XCBuildConfiguration;
			buildSettings = {
				ASSETCATALOG_COMPILER_APPICON_NAME = AppIcon;
				CODE_SIGN_STYLE = Automatic;
				DEVELOPMENT_TEAM = "";
				INFOPLIST_FILE = tabbase/Info.plist;
				LD_RUNPATH_SEARCH_PATHS = (
					"$(inherited)",
					"@executable_path/Frameworks",
				);
				PRODUCT_BUNDLE_IDENTIFIER = me.lvv.tabbase;
				PRODUCT_NAME = "$(TARGET_NAME)";
				TARGETED_DEVICE_FAMILY = "1,2";
			};
			name = Debug;
		};
		7334412E2341A9F700D034F9 /* Release */ = {
			isa = XCBuildConfiguration;
			buildSettings = {
				ASSETCATALOG_COMPILER_APPICON_NAME = AppIcon;
				CODE_SIGN_STYLE = Automatic;
				DEVELOPMENT_TEAM = "";
				INFOPLIST_FILE = tabbase/Info.plist;
				LD_RUNPATH_SEARCH_PATHS = (
					"$(inherited)",
					"@executable_path/Frameworks",
				);
				PRODUCT_BUNDLE_IDENTIFIER = me.lvv.tabbase;
				PRODUCT_NAME = "$(TARGET_NAME)";
				TARGETED_DEVICE_FAMILY = "1,2";
			};
			name = Release;
		};
/* End XCBuildConfiguration section */

/* Begin XCConfigurationList section */
		7334410B2341A9F600D034F9 /* Build configuration list for PBXProject "tabbase" */ = {
			isa = XCConfigurationList;
			buildConfigurations = (
				7334412A2341A9F700D034F9 /* Debug */,
				7334412B2341A9F700D034F9 /* Release */,
			);
			defaultConfigurationIsVisible = 0;
			defaultConfigurationName = Release;
		};
		7334412C2341A9F700D034F9 /* Build configuration list for PBXNativeTarget "tabbase" */ = {
			isa = XCConfigurationList;
			buildConfigurations = (
				7334412D2341A9F700D034F9 /* Debug */,
				7334412E2341A9F700D034F9 /* Release */,
			);
			defaultConfigurationIsVisible = 0;
			defaultConfigurationName = Release;
		};
/* End XCConfigurationList section */
	};
	rootObject = 733441082341A9F600D034F9 /* Project object */;
}
